// !$*UTF8*$!
{
	archiveVersion = 1;
	classes = {
	};
	objectVersion = 50;
	objects = {

/* Begin PBXBuildFile section */
		B01230D5233C4C2200148F4A /* AppDelegate.swift in Sources */ = {isa = PBXBuildFile; fileRef = B01230D4233C4C2200148F4A /* AppDelegate.swift */; };
		B01230D7233C4C2200148F4A /* ViewController.swift in Sources */ = {isa = PBXBuildFile; fileRef = B01230D6233C4C2200148F4A /* ViewController.swift */; };
		B01230DA233C4C2200148F4A /* Main.storyboard in Resources */ = {isa = PBXBuildFile; fileRef = B01230D8233C4C2200148F4A /* Main.storyboard */; };
		B01230DC233C4C2300148F4A /* Assets.xcassets in Resources */ = {isa = PBXBuildFile; fileRef = B01230DB233C4C2300148F4A /* Assets.xcassets */; };
		B01230DF233C4C2300148F4A /* LaunchScreen.storyboard in Resources */ = {isa = PBXBuildFile; fileRef = B01230DD233C4C2300148F4A /* LaunchScreen.storyboard */; };
		B01230EA233C4C2300148F4A /* GiitunerTests.swift in Sources */ = {isa = PBXBuildFile; fileRef = B01230E9233C4C2300148F4A /* GiitunerTests.swift */; };
		B01230F5233C4C2300148F4A /* GiitunerUITests.swift in Sources */ = {isa = PBXBuildFile; fileRef = B01230F4233C4C2300148F4A /* GiitunerUITests.swift */; };
/* End PBXBuildFile section */

/* Begin PBXContainerItemProxy section */
		B01230E6233C4C2300148F4A /* PBXContainerItemProxy */ = {
			isa = PBXContainerItemProxy;
			containerPortal = B01230C9233C4C2200148F4A /* Project object */;
			proxyType = 1;
			remoteGlobalIDString = B01230D0233C4C2200148F4A;
			remoteInfo = Giituner;
		};
		B01230F1233C4C2300148F4A /* PBXContainerItemProxy */ = {
			isa = PBXContainerItemProxy;
			containerPortal = B01230C9233C4C2200148F4A /* Project object */;
			proxyType = 1;
			remoteGlobalIDString = B01230D0233C4C2200148F4A;
			remoteInfo = Giituner;
		};
/* End PBXContainerItemProxy section */

/* Begin PBXFileReference section */
		B01230D1233C4C2200148F4A /* Giituner.app */ = {isa = PBXFileReference; explicitFileType = wrapper.application; includeInIndex = 0; path = Giituner.app; sourceTree = BUILT_PRODUCTS_DIR; };
		B01230D4233C4C2200148F4A /* AppDelegate.swift */ = {isa = PBXFileReference; lastKnownFileType = sourcecode.swift; path = AppDelegate.swift; sourceTree = "<group>"; };
		B01230D6233C4C2200148F4A /* ViewController.swift */ = {isa = PBXFileReference; lastKnownFileType = sourcecode.swift; path = ViewController.swift; sourceTree = "<group>"; };
		B01230D9233C4C2200148F4A /* Base */ = {isa = PBXFileReference; lastKnownFileType = file.storyboard; name = Base; path = Base.lproj/Main.storyboard; sourceTree = "<group>"; };
		B01230DB233C4C2300148F4A /* Assets.xcassets */ = {isa = PBXFileReference; lastKnownFileType = folder.assetcatalog; path = Assets.xcassets; sourceTree = "<group>"; };
		B01230DE233C4C2300148F4A /* Base */ = {isa = PBXFileReference; lastKnownFileType = file.storyboard; name = Base; path = Base.lproj/LaunchScreen.storyboard; sourceTree = "<group>"; };
		B01230E0233C4C2300148F4A /* Info.plist */ = {isa = PBXFileReference; lastKnownFileType = text.plist.xml; path = Info.plist; sourceTree = "<group>"; };
		B01230E5233C4C2300148F4A /* GiitunerTests.xctest */ = {isa = PBXFileReference; explicitFileType = wrapper.cfbundle; includeInIndex = 0; path = GiitunerTests.xctest; sourceTree = BUILT_PRODUCTS_DIR; };
		B01230E9233C4C2300148F4A /* GiitunerTests.swift */ = {isa = PBXFileReference; lastKnownFileType = sourcecode.swift; path = GiitunerTests.swift; sourceTree = "<group>"; };
		B01230EB233C4C2300148F4A /* Info.plist */ = {isa = PBXFileReference; lastKnownFileType = text.plist.xml; path = Info.plist; sourceTree = "<group>"; };
		B01230F0233C4C2300148F4A /* GiitunerUITests.xctest */ = {isa = PBXFileReference; explicitFileType = wrapper.cfbundle; includeInIndex = 0; path = GiitunerUITests.xctest; sourceTree = BUILT_PRODUCTS_DIR; };
		B01230F4233C4C2300148F4A /* GiitunerUITests.swift */ = {isa = PBXFileReference; lastKnownFileType = sourcecode.swift; path = GiitunerUITests.swift; sourceTree = "<group>"; };
		B01230F6233C4C2300148F4A /* Info.plist */ = {isa = PBXFileReference; lastKnownFileType = text.plist.xml; path = Info.plist; sourceTree = "<group>"; };
/* End PBXFileReference section */

/* Begin PBXFrameworksBuildPhase section */
		B01230CE233C4C2200148F4A /* Frameworks */ = {
			isa = PBXFrameworksBuildPhase;
			buildActionMask = 2147483647;
			files = (
			);
			runOnlyForDeploymentPostprocessing = 0;
		};
		B01230E2233C4C2300148F4A /* Frameworks */ = {
			isa = PBXFrameworksBuildPhase;
			buildActionMask = 2147483647;
			files = (
			);
			runOnlyForDeploymentPostprocessing = 0;
		};
		B01230ED233C4C2300148F4A /* Frameworks */ = {
			isa = PBXFrameworksBuildPhase;
			buildActionMask = 2147483647;
			files = (
			);
			runOnlyForDeploymentPostprocessing = 0;
		};
/* End PBXFrameworksBuildPhase section */

/* Begin PBXGroup section */
		B01230C8233C4C2200148F4A = {
			isa = PBXGroup;
			children = (
				B01230D3233C4C2200148F4A /* Giituner */,
				B01230E8233C4C2300148F4A /* GiitunerTests */,
				B01230F3233C4C2300148F4A /* GiitunerUITests */,
				B01230D2233C4C2200148F4A /* Products */,
			);
			sourceTree = "<group>";
		};
		B01230D2233C4C2200148F4A /* Products */ = {
			isa = PBXGroup;
			children = (
				B01230D1233C4C2200148F4A /* Giituner.app */,
				B01230E5233C4C2300148F4A /* GiitunerTests.xctest */,
				B01230F0233C4C2300148F4A /* GiitunerUITests.xctest */,
			);
			name = Products;
			sourceTree = "<group>";
		};
		B01230D3233C4C2200148F4A /* Giituner */ = {
			isa = PBXGroup;
			children = (
				B01230D4233C4C2200148F4A /* AppDelegate.swift */,
				B01230D6233C4C2200148F4A /* ViewController.swift */,
				B01230D8233C4C2200148F4A /* Main.storyboard */,
				B01230DB233C4C2300148F4A /* Assets.xcassets */,
				B01230DD233C4C2300148F4A /* LaunchScreen.storyboard */,
				B01230E0233C4C2300148F4A /* Info.plist */,
			);
			path = Giituner;
			sourceTree = "<group>";
		};
		B01230E8233C4C2300148F4A /* GiitunerTests */ = {
			isa = PBXGroup;
			children = (
				B01230E9233C4C2300148F4A /* GiitunerTests.swift */,
				B01230EB233C4C2300148F4A /* Info.plist */,
			);
			path = GiitunerTests;
			sourceTree = "<group>";
		};
		B01230F3233C4C2300148F4A /* GiitunerUITests */ = {
			isa = PBXGroup;
			children = (
				B01230F4233C4C2300148F4A /* GiitunerUITests.swift */,
				B01230F6233C4C2300148F4A /* Info.plist */,
			);
			path = GiitunerUITests;
			sourceTree = "<group>";
		};
/* End PBXGroup section */

/* Begin PBXNativeTarget section */
		B01230D0233C4C2200148F4A /* Giituner */ = {
			isa = PBXNativeTarget;
			buildConfigurationList = B01230F9233C4C2300148F4A /* Build configuration list for PBXNativeTarget "Giituner" */;
			buildPhases = (
				B01230CD233C4C2200148F4A /* Sources */,
				B01230CE233C4C2200148F4A /* Frameworks */,
				B01230CF233C4C2200148F4A /* Resources */,
			);
			buildRules = (
			);
			dependencies = (
			);
			name = Giituner;
			productName = Giituner;
			productReference = B01230D1233C4C2200148F4A /* Giituner.app */;
			productType = "com.apple.product-type.application";
		};
		B01230E4233C4C2300148F4A /* GiitunerTests */ = {
			isa = PBXNativeTarget;
			buildConfigurationList = B01230FC233C4C2300148F4A /* Build configuration list for PBXNativeTarget "GiitunerTests" */;
			buildPhases = (
				B01230E1233C4C2300148F4A /* Sources */,
				B01230E2233C4C2300148F4A /* Frameworks */,
				B01230E3233C4C2300148F4A /* Resources */,
			);
			buildRules = (
			);
			dependencies = (
				B01230E7233C4C2300148F4A /* PBXTargetDependency */,
			);
			name = GiitunerTests;
			productName = GiitunerTests;
			productReference = B01230E5233C4C2300148F4A /* GiitunerTests.xctest */;
			productType = "com.apple.product-type.bundle.unit-test";
		};
		B01230EF233C4C2300148F4A /* GiitunerUITests */ = {
			isa = PBXNativeTarget;
			buildConfigurationList = B01230FF233C4C2300148F4A /* Build configuration list for PBXNativeTarget "GiitunerUITests" */;
			buildPhases = (
				B01230EC233C4C2300148F4A /* Sources */,
				B01230ED233C4C2300148F4A /* Frameworks */,
				B01230EE233C4C2300148F4A /* Resources */,
			);
			buildRules = (
			);
			dependencies = (
				B01230F2233C4C2300148F4A /* PBXTargetDependency */,
			);
			name = GiitunerUITests;
			productName = GiitunerUITests;
			productReference = B01230F0233C4C2300148F4A /* GiitunerUITests.xctest */;
			productType = "com.apple.product-type.bundle.ui-testing";
		};
/* End PBXNativeTarget section */

/* Begin PBXProject section */
		B01230C9233C4C2200148F4A /* Project object */ = {
			isa = PBXProject;
			attributes = {
				LastSwiftUpdateCheck = 1030;
				LastUpgradeCheck = 1030;
				ORGANIZATIONNAME = "Abdallah Karam";
				TargetAttributes = {
					B01230D0233C4C2200148F4A = {
						CreatedOnToolsVersion = 10.3;
					};
					B01230E4233C4C2300148F4A = {
						CreatedOnToolsVersion = 10.3;
						TestTargetID = B01230D0233C4C2200148F4A;
					};
					B01230EF233C4C2300148F4A = {
						CreatedOnToolsVersion = 10.3;
						TestTargetID = B01230D0233C4C2200148F4A;
					};
				};
			};
			buildConfigurationList = B01230CC233C4C2200148F4A /* Build configuration list for PBXProject "Giituner" */;
			compatibilityVersion = "Xcode 9.3";
			developmentRegion = en;
			hasScannedForEncodings = 0;
			knownRegions = (
				en,
				Base,
			);
			mainGroup = B01230C8233C4C2200148F4A;
			productRefGroup = B01230D2233C4C2200148F4A /* Products */;
			projectDirPath = "";
			projectRoot = "";
			targets = (
				B01230D0233C4C2200148F4A /* Giituner */,
				B01230E4233C4C2300148F4A /* GiitunerTests */,
				B01230EF233C4C2300148F4A /* GiitunerUITests */,
			);
		};
/* End PBXProject section */

/* Begin PBXResourcesBuildPhase section */
		B01230CF233C4C2200148F4A /* Resources */ = {
			isa = PBXResourcesBuildPhase;
			buildActionMask = 2147483647;
			files = (
				B01230DF233C4C2300148F4A /* LaunchScreen.storyboard in Resources */,
				B01230DC233C4C2300148F4A /* Assets.xcassets in Resources */,
				B01230DA233C4C2200148F4A /* Main.storyboard in Resources */,
			);
			runOnlyForDeploymentPostprocessing = 0;
		};
		B01230E3233C4C2300148F4A /* Resources */ = {
			isa = PBXResourcesBuildPhase;
			buildActionMask = 2147483647;
			files = (
			);
			runOnlyForDeploymentPostprocessing = 0;
		};
		B01230EE233C4C2300148F4A /* Resources */ = {
			isa = PBXResourcesBuildPhase;
			buildActionMask = 2147483647;
			files = (
			);
			runOnlyForDeploymentPostprocessing = 0;
		};
/* End PBXResourcesBuildPhase section */

/* Begin PBXSourcesBuildPhase section */
		B01230CD233C4C2200148F4A /* Sources */ = {
			isa = PBXSourcesBuildPhase;
			buildActionMask = 2147483647;
			files = (
				B01230D7233C4C2200148F4A /* ViewController.swift in Sources */,
				B01230D5233C4C2200148F4A /* AppDelegate.swift in Sources */,
			);
			runOnlyForDeploymentPostprocessing = 0;
		};
		B01230E1233C4C2300148F4A /* Sources */ = {
			isa = PBXSourcesBuildPhase;
			buildActionMask = 2147483647;
			files = (
				B01230EA233C4C2300148F4A /* GiitunerTests.swift in Sources */,
			);
			runOnlyForDeploymentPostprocessing = 0;
		};
		B01230EC233C4C2300148F4A /* Sources */ = {
			isa = PBXSourcesBuildPhase;
			buildActionMask = 2147483647;
			files = (
				B01230F5233C4C2300148F4A /* GiitunerUITests.swift in Sources */,
			);
			runOnlyForDeploymentPostprocessing = 0;
		};
/* End PBXSourcesBuildPhase section */

/* Begin PBXTargetDependency section */
		B01230E7233C4C2300148F4A /* PBXTargetDependency */ = {
			isa = PBXTargetDependency;
			target = B01230D0233C4C2200148F4A /* Giituner */;
			targetProxy = B01230E6233C4C2300148F4A /* PBXContainerItemProxy */;
		};
		B01230F2233C4C2300148F4A /* PBXTargetDependency */ = {
			isa = PBXTargetDependency;
			target = B01230D0233C4C2200148F4A /* Giituner */;
			targetProxy = B01230F1233C4C2300148F4A /* PBXContainerItemProxy */;
		};
/* End PBXTargetDependency section */

/* Begin PBXVariantGroup section */
		B01230D8233C4C2200148F4A /* Main.storyboard */ = {
			isa = PBXVariantGroup;
			children = (
				B01230D9233C4C2200148F4A /* Base */,
			);
			name = Main.storyboard;
			sourceTree = "<group>";
		};
		B01230DD233C4C2300148F4A /* LaunchScreen.storyboard */ = {
			isa = PBXVariantGroup;
			children = (
				B01230DE233C4C2300148F4A /* Base */,
			);
			name = LaunchScreen.storyboard;
			sourceTree = "<group>";
		};
/* End PBXVariantGroup section */

/* Begin XCBuildConfiguration section */
		B01230F7233C4C2300148F4A /* Debug */ = {
			isa = XCBuildConfiguration;
			buildSettings = {
				ALWAYS_SEARCH_USER_PATHS = NO;
				CLANG_ANALYZER_NONNULL = YES;
				CLANG_ANALYZER_NUMBER_OBJECT_CONVERSION = YES_AGGRESSIVE;
				CLANG_CXX_LANGUAGE_STANDARD = "gnu++14";
				CLANG_CXX_LIBRARY = "libc++";
				CLANG_ENABLE_MODULES = YES;
				CLANG_ENABLE_OBJC_ARC = YES;
				CLANG_ENABLE_OBJC_WEAK = YES;
				CLANG_WARN_BLOCK_CAPTURE_AUTORELEASING = YES;
				CLANG_WARN_BOOL_CONVERSION = YES;
				CLANG_WARN_COMMA = YES;
				CLANG_WARN_CONSTANT_CONVERSION = YES;
				CLANG_WARN_DEPRECATED_OBJC_IMPLEMENTATIONS = YES;
				CLANG_WARN_DIRECT_OBJC_ISA_USAGE = YES_ERROR;
				CLANG_WARN_DOCUMENTATION_COMMENTS = YES;
				CLANG_WARN_EMPTY_BODY = YES;
				CLANG_WARN_ENUM_CONVERSION = YES;
				CLANG_WARN_INFINITE_RECURSION = YES;
				CLANG_WARN_INT_CONVERSION = YES;
				CLANG_WARN_NON_LITERAL_NULL_CONVERSION = YES;
				CLANG_WARN_OBJC_IMPLICIT_RETAIN_SELF = YES;
				CLANG_WARN_OBJC_LITERAL_CONVERSION = YES;
				CLANG_WARN_OBJC_ROOT_CLASS = YES_ERROR;
				CLANG_WARN_RANGE_LOOP_ANALYSIS = YES;
				CLANG_WARN_STRICT_PROTOTYPES = YES;
				CLANG_WARN_SUSPICIOUS_MOVE = YES;
				CLANG_WARN_UNGUARDED_AVAILABILITY = YES_AGGRESSIVE;
				CLANG_WARN_UNREACHABLE_CODE = YES;
				CLANG_WARN__DUPLICATE_METHOD_MATCH = YES;
				CODE_SIGN_IDENTITY = "iPhone Developer";
				COPY_PHASE_STRIP = NO;
				DEBUG_INFORMATION_FORMAT = dwarf;
				ENABLE_STRICT_OBJC_MSGSEND = YES;
				ENABLE_TESTABILITY = YES;
				GCC_C_LANGUAGE_STANDARD = gnu11;
				GCC_DYNAMIC_NO_PIC = NO;
				GCC_NO_COMMON_BLOCKS = YES;
				GCC_OPTIMIZATION_LEVEL = 0;
				GCC_PREPROCESSOR_DEFINITIONS = (
					"DEBUG=1",
					"$(inherited)",
				);
				GCC_WARN_64_TO_32_BIT_CONVERSION = YES;
				GCC_WARN_ABOUT_RETURN_TYPE = YES_ERROR;
				GCC_WARN_UNDECLARED_SELECTOR = YES;
				GCC_WARN_UNINITIALIZED_AUTOS = YES_AGGRESSIVE;
				GCC_WARN_UNUSED_FUNCTION = YES;
				GCC_WARN_UNUSED_VARIABLE = YES;
				IPHONEOS_DEPLOYMENT_TARGET = 12.4;
				MTL_ENABLE_DEBUG_INFO = INCLUDE_SOURCE;
				MTL_FAST_MATH = YES;
				ONLY_ACTIVE_ARCH = YES;
				SDKROOT = iphoneos;
				SWIFT_ACTIVE_COMPILATION_CONDITIONS = DEBUG;
				SWIFT_OPTIMIZATION_LEVEL = "-Onone";
			};
			name = Debug;
		};
		B01230F8233C4C2300148F4A /* Release */ = {
			isa = XCBuildConfiguration;
			buildSettings = {
				ALWAYS_SEARCH_USER_PATHS = NO;
				CLANG_ANALYZER_NONNULL = YES;
				CLANG_ANALYZER_NUMBER_OBJECT_CONVERSION = YES_AGGRESSIVE;
				CLANG_CXX_LANGUAGE_STANDARD = "gnu++14";
				CLANG_CXX_LIBRARY = "libc++";
				CLANG_ENABLE_MODULES = YES;
				CLANG_ENABLE_OBJC_ARC = YES;
				CLANG_ENABLE_OBJC_WEAK = YES;
				CLANG_WARN_BLOCK_CAPTURE_AUTORELEASING = YES;
				CLANG_WARN_BOOL_CONVERSION = YES;
				CLANG_WARN_COMMA = YES;
				CLANG_WARN_CONSTANT_CONVERSION = YES;
				CLANG_WARN_DEPRECATED_OBJC_IMPLEMENTATIONS = YES;
				CLANG_WARN_DIRECT_OBJC_ISA_USAGE = YES_ERROR;
				CLANG_WARN_DOCUMENTATION_COMMENTS = YES;
				CLANG_WARN_EMPTY_BODY = YES;
				CLANG_WARN_ENUM_CONVERSION = YES;
				CLANG_WARN_INFINITE_RECURSION = YES;
				CLANG_WARN_INT_CONVERSION = YES;
				CLANG_WARN_NON_LITERAL_NULL_CONVERSION = YES;
				CLANG_WARN_OBJC_IMPLICIT_RETAIN_SELF = YES;
				CLANG_WARN_OBJC_LITERAL_CONVERSION = YES;
				CLANG_WARN_OBJC_ROOT_CLASS = YES_ERROR;
				CLANG_WARN_RANGE_LOOP_ANALYSIS = YES;
				CLANG_WARN_STRICT_PROTOTYPES = YES;
				CLANG_WARN_SUSPICIOUS_MOVE = YES;
				CLANG_WARN_UNGUARDED_AVAILABILITY = YES_AGGRESSIVE;
				CLANG_WARN_UNREACHABLE_CODE = YES;
				CLANG_WARN__DUPLICATE_METHOD_MATCH = YES;
				CODE_SIGN_IDENTITY = "iPhone Developer";
				COPY_PHASE_STRIP = NO;
				DEBUG_INFORMATION_FORMAT = "dwarf-with-dsym";
				ENABLE_NS_ASSERTIONS = NO;
				ENABLE_STRICT_OBJC_MSGSEND = YES;
				GCC_C_LANGUAGE_STANDARD = gnu11;
				GCC_NO_COMMON_BLOCKS = YES;
				GCC_WARN_64_TO_32_BIT_CONVERSION = YES;
				GCC_WARN_ABOUT_RETURN_TYPE = YES_ERROR;
				GCC_WARN_UNDECLARED_SELECTOR = YES;
				GCC_WARN_UNINITIALIZED_AUTOS = YES_AGGRESSIVE;
				GCC_WARN_UNUSED_FUNCTION = YES;
				GCC_WARN_UNUSED_VARIABLE = YES;
				IPHONEOS_DEPLOYMENT_TARGET = 12.4;
				MTL_ENABLE_DEBUG_INFO = NO;
				MTL_FAST_MATH = YES;
				SDKROOT = iphoneos;
				SWIFT_COMPILATION_MODE = wholemodule;
				SWIFT_OPTIMIZATION_LEVEL = "-O";
				VALIDATE_PRODUCT = YES;
			};
			name = Release;
		};
		B01230FA233C4C2300148F4A /* Debug */ = {
			isa = XCBuildConfiguration;
			buildSettings = {
				ASSETCATALOG_COMPILER_APPICON_NAME = AppIcon;
				CODE_SIGN_STYLE = Automatic;
				DEVELOPMENT_TEAM = WN937N4C5W;
				INFOPLIST_FILE = Giituner/Info.plist;
				LD_RUNPATH_SEARCH_PATHS = (
					"$(inherited)",
					"@executable_path/Frameworks",
				);
				PRODUCT_BUNDLE_IDENTIFIER = "Abdallah-Karam.Giituner";
				PRODUCT_NAME = "$(TARGET_NAME)";
				SWIFT_VERSION = 5.0;
				TARGETED_DEVICE_FAMILY = "1,2";
			};
			name = Debug;
		};
		B01230FB233C4C2300148F4A /* Release */ = {
			isa = XCBuildConfiguration;
			buildSettings = {
				ASSETCATALOG_COMPILER_APPICON_NAME = AppIcon;
				CODE_SIGN_STYLE = Automatic;
				DEVELOPMENT_TEAM = WN937N4C5W;
				INFOPLIST_FILE = Giituner/Info.plist;
				LD_RUNPATH_SEARCH_PATHS = (
					"$(inherited)",
					"@executable_path/Frameworks",
				);
				PRODUCT_BUNDLE_IDENTIFIER = "Abdallah-Karam.Giituner";
				PRODUCT_NAME = "$(TARGET_NAME)";
				SWIFT_VERSION = 5.0;
				TARGETED_DEVICE_FAMILY = "1,2";
			};
			name = Release;
		};
		B01230FD233C4C2300148F4A /* Debug */ = {
			isa = XCBuildConfiguration;
			buildSettings = {
				ALWAYS_EMBED_SWIFT_STANDARD_LIBRARIES = YES;
				BUNDLE_LOADER = "$(TEST_HOST)";
				CODE_SIGN_STYLE = Automatic;
				DEVELOPMENT_TEAM = WN937N4C5W;
				INFOPLIST_FILE = GiitunerTests/Info.plist;
				LD_RUNPATH_SEARCH_PATHS = (
					"$(inherited)",
					"@executable_path/Frameworks",
					"@loader_path/Frameworks",
				);
				PRODUCT_BUNDLE_IDENTIFIER = "Abdallah-Karam.GiitunerTests";
				PRODUCT_NAME = "$(TARGET_NAME)";
				SWIFT_VERSION = 5.0;
				TARGETED_DEVICE_FAMILY = "1,2";
				TEST_HOST = "$(BUILT_PRODUCTS_DIR)/Giituner.app/Giituner";
			};
			name = Debug;
		};
		B01230FE233C4C2300148F4A /* Release */ = {
			isa = XCBuildConfiguration;
			buildSettings = {
				ALWAYS_EMBED_SWIFT_STANDARD_LIBRARIES = YES;
				BUNDLE_LOADER = "$(TEST_HOST)";
				CODE_SIGN_STYLE = Automatic;
				DEVELOPMENT_TEAM = WN937N4C5W;
				INFOPLIST_FILE = GiitunerTests/Info.plist;
				LD_RUNPATH_SEARCH_PATHS = (
					"$(inherited)",
					"@executable_path/Frameworks",
					"@loader_path/Frameworks",
				);
				PRODUCT_BUNDLE_IDENTIFIER = "Abdallah-Karam.GiitunerTests";
				PRODUCT_NAME = "$(TARGET_NAME)";
				SWIFT_VERSION = 5.0;
				TARGETED_DEVICE_FAMILY = "1,2";
				TEST_HOST = "$(BUILT_PRODUCTS_DIR)/Giituner.app/Giituner";
			};
			name = Release;
		};
		B0123100233C4C2300148F4A /* Debug */ = {
			isa = XCBuildConfiguration;
			buildSettings = {
				ALWAYS_EMBED_SWIFT_STANDARD_LIBRARIES = YES;
				CODE_SIGN_STYLE = Automatic;
				DEVELOPMENT_TEAM = WN937N4C5W;
				INFOPLIST_FILE = GiitunerUITests/Info.plist;
				LD_RUNPATH_SEARCH_PATHS = (
					"$(inherited)",
					"@executable_path/Frameworks",
					"@loader_path/Frameworks",
				);
				PRODUCT_BUNDLE_IDENTIFIER = "Abdallah-Karam.GiitunerUITests";
				PRODUCT_NAME = "$(TARGET_NAME)";
				SWIFT_VERSION = 5.0;
				TARGETED_DEVICE_FAMILY = "1,2";
				TEST_TARGET_NAME = Giituner;
			};
			name = Debug;
		};
		B0123101233C4C2300148F4A /* Release */ = {
			isa = XCBuildConfiguration;
			buildSettings = {
				ALWAYS_EMBED_SWIFT_STANDARD_LIBRARIES = YES;
				CODE_SIGN_STYLE = Automatic;
				DEVELOPMENT_TEAM = WN937N4C5W;
				INFOPLIST_FILE = GiitunerUITests/Info.plist;
				LD_RUNPATH_SEARCH_PATHS = (
					"$(inherited)",
					"@executable_path/Frameworks",
					"@loader_path/Frameworks",
				);
				PRODUCT_BUNDLE_IDENTIFIER = "Abdallah-Karam.GiitunerUITests";
				PRODUCT_NAME = "$(TARGET_NAME)";
				SWIFT_VERSION = 5.0;
				TARGETED_DEVICE_FAMILY = "1,2";
				TEST_TARGET_NAME = Giituner;
			};
			name = Release;
		};
/* End XCBuildConfiguration section */

/* Begin XCConfigurationList section */
		B01230CC233C4C2200148F4A /* Build configuration list for PBXProject "Giituner" */ = {
			isa = XCConfigurationList;
			buildConfigurations = (
				B01230F7233C4C2300148F4A /* Debug */,
				B01230F8233C4C2300148F4A /* Release */,
			);
			defaultConfigurationIsVisible = 0;
			defaultConfigurationName = Release;
		};
		B01230F9233C4C2300148F4A /* Build configuration list for PBXNativeTarget "Giituner" */ = {
			isa = XCConfigurationList;
			buildConfigurations = (
				B01230FA233C4C2300148F4A /* Debug */,
				B01230FB233C4C2300148F4A /* Release */,
			);
			defaultConfigurationIsVisible = 0;
			defaultConfigurationName = Release;
		};
		B01230FC233C4C2300148F4A /* Build configuration list for PBXNativeTarget "GiitunerTests" */ = {
			isa = XCConfigurationList;
			buildConfigurations = (
				B01230FD233C4C2300148F4A /* Debug */,
				B01230FE233C4C2300148F4A /* Release */,
			);
			defaultConfigurationIsVisible = 0;
			defaultConfigurationName = Release;
		};
		B01230FF233C4C2300148F4A /* Build configuration list for PBXNativeTarget "GiitunerUITests" */ = {
			isa = XCConfigurationList;
			buildConfigurations = (
				B0123100233C4C2300148F4A /* Debug */,
				B0123101233C4C2300148F4A /* Release */,
			);
			defaultConfigurationIsVisible = 0;
			defaultConfigurationName = Release;
		};
/* End XCConfigurationList section */
	};
	rootObject = B01230C9233C4C2200148F4A /* Project object */;
}
